{
  "name": "kktr-moja-paka",
  "version": "1.0.0",
  "lockfileVersion": 2,
  "requires": true,
  "packages": {
    "": {
      "name": "kktr-moja-paka",
      "version": "1.0.0",
      "license": "ISC",
      "dependencies": {
        "kktr-moja-paka": "^1.0.0"
      },
      "devDependencies": {
        "@types/node": "^17.0.23"
      }
    },
    "node_modules/@types/node": {
      "version": "17.0.23",
      "resolved": "https://registry.npmjs.org/@types/node/-/node-17.0.23.tgz",
      "integrity": "sha512-UxDxWn7dl97rKVeVS61vErvw086aCYhDLyvRQZ5Rk65rZKepaFdm53GeqXaKBuOhED4e9uWq34IC3TdSdJJ2Gw==",
      "dev": true
    },
    "node_modules/kktr-moja-paka": {
      "version": "1.0.0",
      "resolved": "https://registry.npmjs.org/kktr-moja-paka/-/kktr-moja-paka-1.0.0.tgz",
      "integrity": "sha512-hgB9AvQmsyDwL54qSLTKJ3hccopUO27Ns9bOJmY7nNT/Ch6CRoMn/vgeTasPOKOdapAJ25B/Wvv0PKclo2Y1AQ=="
    }
  },
  "dependencies": {
    "@types/node": {
      "version": "17.0.23",
      "resolved": "https://registry.npmjs.org/@types/node/-/node-17.0.23.tgz",
      "integrity": "sha512-UxDxWn7dl97rKVeVS61vErvw086aCYhDLyvRQZ5Rk65rZKepaFdm53GeqXaKBuOhED4e9uWq34IC3TdSdJJ2Gw==",
      "dev": true
    },
    "kktr-moja-paka": {
      "version": "1.0.0",
      "resolved": "https://registry.npmjs.org/kktr-moja-paka/-/kktr-moja-paka-1.0.0.tgz",
      "integrity": "sha512-hgB9AvQmsyDwL54qSLTKJ3hccopUO27Ns9bOJmY7nNT/Ch6CRoMn/vgeTasPOKOdapAJ25B/Wvv0PKclo2Y1AQ=="
    }
  }
}
